
Microsoft Visual Studio Solution File, Format Version 12.00
# Visual Studio 2012
Project("{FAE04EC0-301F-11D3-BF4B-00C04F79EFBC}") = "LanguageFeatures", "LanguageFeatures\LanguageFeatures.csproj", "{9983CE40-A25A-45CD-ABBC-0E3A67917231}"
EndProject
Global
	GlobalSection(SolutionConfigurationPlatforms) = preSolution
		Debug|Any CPU = Debug|Any CPU
		Release|Any CPU = Release|Any CPU
	EndGlobalSection
	GlobalSection(ProjectConfigurationPlatforms) = postSolution
		{9983CE40-A25A-45CD-ABBC-0E3A67917231}.Debug|Any CPU.ActiveCfg = Debug|Any CPU
		{9983CE40-A25A-45CD-ABBC-0E3A67917231}.Debug|Any CPU.Build.0 = Debug|Any CPU
		{9983CE40-A25A-45CD-ABBC-0E3A67917231}.Release|Any CPU.ActiveCfg = Release|Any CPU
		{9983CE40-A25A-45CD-ABBC-0E3A67917231}.Release|Any CPU.Build.0 = Release|Any CPU
	EndGlobalSection
	GlobalSection(SolutionProperties) = preSolution
		HideSolutionNode = FALSE
	EndGlobalSection
EndGlobal
